
Microsoft Visual Studio Solution File, Format Version 12.00
# Visual Studio Version 16
VisualStudioVersion = 16.0.29806.167
MinimumVisualStudioVersion = 10.0.40219.1
Project("{FAE04EC0-301F-11D3-BF4B-00C04F79EFBC}") = "ConsoleApp1", "ConsoleApp1\ConsoleApp1.csproj", "{F31F4835-D604-4F6D-8D94-D6CD8AD86073}"
EndProject
Global
	GlobalSection(SolutionConfigurationPlatforms) = preSolution
		Debug|Any CPU = Debug|Any CPU
		Release|Any CPU = Release|Any CPU
	EndGlobalSection
	GlobalSection(ProjectConfigurationPlatforms) = postSolution
		{F31F4835-D604-4F6D-8D94-D6CD8AD86073}.Debug|Any CPU.ActiveCfg = Debug|Any CPU
		{F31F4835-D604-4F6D-8D94-D6CD8AD86073}.Debug|Any CPU.Build.0 = Debug|Any CPU
		{F31F4835-D604-4F6D-8D94-D6CD8AD86073}.Release|Any CPU.ActiveCfg = Release|Any CPU
		{F31F4835-D604-4F6D-8D94-D6CD8AD86073}.Release|Any CPU.Build.0 = Release|Any CPU
	EndGlobalSection
	GlobalSection(SolutionProperties) = preSolution
		HideSolutionNode = FALSE
	EndGlobalSection
	GlobalSection(ExtensibilityGlobals) = postSolution
		SolutionGuid = {3552A92E-4F78-496D-98EB-CCD291CF232A}
	EndGlobalSection
EndGlobal
